
Microsoft Visual Studio Solution File, Format Version 11.00
# Visual Studio 2010
Project("{FAE04EC0-301F-11D3-BF4B-00C04F79EFBC}") = "WiringPiWrapper", "WiringPiWrapper.csproj", "{2BB413E8-B7E2-4065-8829-DAE09CDD2BE5}"
EndProject
Global
	GlobalSection(SolutionConfigurationPlatforms) = preSolution
		Debug|Any CPU = Debug|Any CPU
		Release|Any CPU = Release|Any CPU
	EndGlobalSection
	GlobalSection(ProjectConfigurationPlatforms) = postSolution
		{2BB413E8-B7E2-4065-8829-DAE09CDD2BE5}.Debug|Any CPU.ActiveCfg = Debug|Any CPU
		{2BB413E8-B7E2-4065-8829-DAE09CDD2BE5}.Debug|Any CPU.Build.0 = Debug|Any CPU
		{2BB413E8-B7E2-4065-8829-DAE09CDD2BE5}.Release|Any CPU.ActiveCfg = Release|Any CPU
		{2BB413E8-B7E2-4065-8829-DAE09CDD2BE5}.Release|Any CPU.Build.0 = Release|Any CPU
	EndGlobalSection
EndGlobal
