
Microsoft Visual Studio Solution File, Format Version 11.00
# Visual Studio 2010
Project("{FAE04EC0-301F-11D3-BF4B-00C04F79EFBC}") = "GPIO", "GPIO.csproj", "{0DD6125C-0718-4F3D-878A-17D8BCCACB36}"
EndProject
Project("{FAE04EC0-301F-11D3-BF4B-00C04F79EFBC}") = "WiringPiWrapper", "..\..\WiringPiWrapper\WiringPiWrapper.csproj", "{2BB413E8-B7E2-4065-8829-DAE09CDD2BE5}"
EndProject
Global
	GlobalSection(SolutionConfigurationPlatforms) = preSolution
		Debug|x86 = Debug|x86
		Release|x86 = Release|x86
	EndGlobalSection
	GlobalSection(ProjectConfigurationPlatforms) = postSolution
		{0DD6125C-0718-4F3D-878A-17D8BCCACB36}.Debug|x86.ActiveCfg = Debug|x86
		{0DD6125C-0718-4F3D-878A-17D8BCCACB36}.Debug|x86.Build.0 = Debug|x86
		{0DD6125C-0718-4F3D-878A-17D8BCCACB36}.Release|x86.ActiveCfg = Release|x86
		{0DD6125C-0718-4F3D-878A-17D8BCCACB36}.Release|x86.Build.0 = Release|x86
		{2BB413E8-B7E2-4065-8829-DAE09CDD2BE5}.Debug|x86.ActiveCfg = Debug|Any CPU
		{2BB413E8-B7E2-4065-8829-DAE09CDD2BE5}.Debug|x86.Build.0 = Debug|Any CPU
		{2BB413E8-B7E2-4065-8829-DAE09CDD2BE5}.Release|x86.ActiveCfg = Release|Any CPU
		{2BB413E8-B7E2-4065-8829-DAE09CDD2BE5}.Release|x86.Build.0 = Release|Any CPU
	EndGlobalSection
EndGlobal
